dependencies:
- name: kafka
  repository: https://charts.bitnami.com/bitnami
  version: 12.14.1
- name: spark
  repository: https://charts.bitnami.com/bitnami
  version: 5.4.0
- name: elasticsearch
  repository: https://charts.bitnami.com/bitnami
  version: 14.5.3
- name: logstash
  repository: https://charts.bitnami.com/bitnami
  version: 3.2.3
- name: common
  repository: https://charts.bitnami.com/bitnami
  version: 1.4.2
digest: sha256:6ef17887bd668279e36bffb7dba79224793746df4bd198dd883204f07d838f7d
generated: "2021-03-30T15:34:54.300908775Z"
